
Microsoft Visual Studio Solution File, Format Version 12.00
# Visual Studio Version 17
VisualStudioVersion = 17.8.34330.188
MinimumVisualStudioVersion = 10.0.40219.1
Project("{FAE04EC0-301F-11D3-BF4B-00C04F79EFBC}") = "CodingTestStudy", "CodingTestStudy\CodingTestStudy.csproj", "{29C049F7-7864-4E8E-958A-DA1E96FBB81C}"
EndProject
Global
	GlobalSection(SolutionConfigurationPlatforms) = preSolution
		Debug|Any CPU = Debug|Any CPU
		Release|Any CPU = Release|Any CPU
	EndGlobalSection
	GlobalSection(ProjectConfigurationPlatforms) = postSolution
		{29C049F7-7864-4E8E-958A-DA1E96FBB81C}.Debug|Any CPU.ActiveCfg = Debug|Any CPU
		{29C049F7-7864-4E8E-958A-DA1E96FBB81C}.Debug|Any CPU.Build.0 = Debug|Any CPU
		{29C049F7-7864-4E8E-958A-DA1E96FBB81C}.Release|Any CPU.ActiveCfg = Release|Any CPU
		{29C049F7-7864-4E8E-958A-DA1E96FBB81C}.Release|Any CPU.Build.0 = Release|Any CPU
	EndGlobalSection
	GlobalSection(SolutionProperties) = preSolution
		HideSolutionNode = FALSE
	EndGlobalSection
	GlobalSection(ExtensibilityGlobals) = postSolution
		SolutionGuid = {8145F4CB-BEC3-421A-AA7E-450E28FE8883}
	EndGlobalSection
EndGlobal
